# This file is autogenerated, do not edit; changes may be undone by the next 'dep ensure'.


[[projects]]
  branch = "master"
  digest = "1:ca950e4f3bdf3150aa39117da56c34747027d6f8709ccae2473efc29ba152a0a"
  name = "github.com/bitrise-io/go-utils"
  packages = [
    "colorstring",
    "command",
    "command/rubycommand",
    "errorutil",
    "fileutil",
    "log",
    "parseutil",
    "pathutil",
    "pkcs12",
    "pkcs12/internal/rc2",
    "pointers",
    "stringutil",
  ]
  pruneopts = "UT"
  revision = "d1de0dbcb811588e61362aff67bb700b93c13c17"

[[projects]]
  digest = "1:31b7ff37612e0e165b7c18f74452a5346b5699020a25a9bec5f0d2e9b5299399"
  name = "github.com/bitrise-io/steps-xcode-archive"
  packages = ["utils"]
  pruneopts = "UT"
  revision = "de1e767589f3c6144b5cbcf1c21c9ff56cf28ff1"
  version = "2.4.15"

[[projects]]
  branch = "master"
  digest = "1:02f962575f79cb7ab4f9352af38120e44fdb5d43708b8e7440927d3b2e408471"
  name = "github.com/bitrise-tools/go-steputils"
  packages = [
    "stepconf",
    "tools",
  ]
  pruneopts = "UT"
  revision = "d4d9e08cc4347e8784bb18419fcdceb932e17019"

[[projects]]
  branch = "master"
  digest = "1:13a69f66bc73a3f2a769ab2a1d198b0e2ea2b8987ea544a9876ae4b178957458"
  name = "github.com/bitrise-tools/go-xcode"
  packages = [
    "certificateutil",
    "exportoptions",
    "plistutil",
    "profileutil",
    "xcodebuild",
    "xcpretty",
  ]
  pruneopts = "UT"
  revision = "97ea21a2102174e881a9b8e4d1b3e4fe3b0010c6"

[[projects]]
  branch = "master"
  digest = "1:25590d448af4c810f46ebc3a32187068a6567069db2fd3babfec20d7a5246cc1"
  name = "github.com/bitrise-tools/xcode-project"
  packages = [
    "serialized",
    "xcodebuild",
    "xcodeproj",
    "xcscheme",
    "xcworkspace",
  ]
  pruneopts = "UT"
  revision = "3095d887a8e540536646a9483ac5cafb94768ffc"

[[projects]]
  branch = "master"
  digest = "1:095c5b12709e45a61ff2820c2bf81c7de7a030629cb728fc7a2abec35b5cbadb"
  name = "github.com/fullsailor/pkcs7"
  packages = ["."]
  pruneopts = "UT"
  revision = "8306686428a5fe132eac8cb7c4848af725098bd4"

[[projects]]
  digest = "1:77395dd3847dac9c45118c668f5dab85aedf0163dc3b38aea6578c5cf0d502f9"
  name = "github.com/hashicorp/go-version"
  packages = ["."]
  pruneopts = "UT"
  revision = "b5a281d3160aa11950a6182bd9a9dc2cb1e02d50"
  version = "v1.0.0"

[[projects]]
  branch = "master"
  digest = "1:400e113a367b511b9b09ca642ee11d9885485a93838526d697033af334a2fdde"
  name = "github.com/kballard/go-shellquote"
  packages = ["."]
  pruneopts = "UT"
  revision = "95032a82bc518f77982ea72343cc1ade730072f0"

[[projects]]
  digest = "1:40e195917a951a8bf867cd05de2a46aaf1806c50cf92eebf4c16f78cd196f747"
  name = "github.com/pkg/errors"
  packages = ["."]
  pruneopts = "UT"
  revision = "645ef00459ed84a119197bfb8d8205042c6df63d"
  version = "v0.8.0"

[[projects]]
  branch = "master"
  digest = "1:5b92d232e81c3e8eec282c92dcaa2e0e1ad3c23157be19a01b3e33f7e6e8d137"
  name = "github.com/ryanuber/go-glob"
  packages = ["."]
  pruneopts = "UT"
  revision = "256dc444b735e061061cf46c809487313d5b0065"

[[projects]]
  branch = "master"
  digest = "1:cefe687c5b27365f87dff523c85266408415c62a2915cc6148e9c26861274984"
  name = "howett.net/plist"
  packages = ["."]
  pruneopts = "UT"
  revision = "500bd5b9081b5957ac10389f86e069869f00c348"

[solve-meta]
  analyzer-name = "dep"
  analyzer-version = 1
  input-imports = [
    "github.com/bitrise-io/go-utils/command",
    "github.com/bitrise-io/go-utils/errorutil",
    "github.com/bitrise-io/go-utils/log",
    "github.com/bitrise-io/go-utils/pathutil",
    "github.com/bitrise-io/go-utils/stringutil",
    "github.com/bitrise-io/steps-xcode-archive/utils",
    "github.com/bitrise-tools/go-steputils/stepconf",
    "github.com/bitrise-tools/go-steputils/tools",
    "github.com/bitrise-tools/go-xcode/xcodebuild",
    "github.com/bitrise-tools/go-xcode/xcpretty",
    "github.com/bitrise-tools/xcode-project/serialized",
    "github.com/bitrise-tools/xcode-project/xcworkspace",
    "github.com/kballard/go-shellquote",
  ]
  solver-name = "gps-cdcl"
  solver-version = 1
